
Microsoft Visual Studio Solution File, Format Version 12.00
# Visual Studio Version 17
VisualStudioVersion = 17.1.32328.378
MinimumVisualStudioVersion = 10.0.40219.1
Project("{FAE04EC0-301F-11D3-BF4B-00C04F79EFBC}") = "Homework_10", "Homework_10\Homework_10.csproj", "{38538ED7-F54A-40B7-BCA4-083DC49E2967}"
EndProject
Global
	GlobalSection(SolutionConfigurationPlatforms) = preSolution
		Debug|Any CPU = Debug|Any CPU
		Release|Any CPU = Release|Any CPU
	EndGlobalSection
	GlobalSection(ProjectConfigurationPlatforms) = postSolution
		{38538ED7-F54A-40B7-BCA4-083DC49E2967}.Debug|Any CPU.ActiveCfg = Debug|Any CPU
		{38538ED7-F54A-40B7-BCA4-083DC49E2967}.Debug|Any CPU.Build.0 = Debug|Any CPU
		{38538ED7-F54A-40B7-BCA4-083DC49E2967}.Release|Any CPU.ActiveCfg = Release|Any CPU
		{38538ED7-F54A-40B7-BCA4-083DC49E2967}.Release|Any CPU.Build.0 = Release|Any CPU
	EndGlobalSection
	GlobalSection(SolutionProperties) = preSolution
		HideSolutionNode = FALSE
	EndGlobalSection
	GlobalSection(ExtensibilityGlobals) = postSolution
		SolutionGuid = {1AA39E87-AF7A-430E-A254-C09A5805C377}
	EndGlobalSection
EndGlobal
